// !$*UTF8*$!
{
	archiveVersion = 1;
	classes = {
	};
	objectVersion = 46;
	objects = {

/* Begin PBXBuildFile section */
		A3C85AEB1D08F26D00429CDD /* AppDelegate.swift in Sources */ = {isa = PBXBuildFile; fileRef = A3C85AEA1D08F26D00429CDD /* AppDelegate.swift */; };
		A3C85AED1D08F26D00429CDD /* MemeEditorViewController.swift in Sources */ = {isa = PBXBuildFile; fileRef = A3C85AEC1D08F26D00429CDD /* MemeEditorViewController.swift */; };
		A3C85AF01D08F26D00429CDD /* Main.storyboard in Resources */ = {isa = PBXBuildFile; fileRef = A3C85AEE1D08F26D00429CDD /* Main.storyboard */; };
		A3C85AF21D08F26D00429CDD /* Assets.xcassets in Resources */ = {isa = PBXBuildFile; fileRef = A3C85AF11D08F26D00429CDD /* Assets.xcassets */; };
		A3C85AF51D08F26D00429CDD /* LaunchScreen.storyboard in Resources */ = {isa = PBXBuildFile; fileRef = A3C85AF31D08F26D00429CDD /* LaunchScreen.storyboard */; };
		A3C85B001D08F26D00429CDD /* MemeEditorTests.swift in Sources */ = {isa = PBXBuildFile; fileRef = A3C85AFF1D08F26D00429CDD /* MemeEditorTests.swift */; };
		A3C85B0B1D08F26D00429CDD /* MemeEditorUITests.swift in Sources */ = {isa = PBXBuildFile; fileRef = A3C85B0A1D08F26D00429CDD /* MemeEditorUITests.swift */; };
		A3C85B191D08F5A700429CDD /* Meme.swift in Sources */ = {isa = PBXBuildFile; fileRef = A3C85B181D08F5A700429CDD /* Meme.swift */; };
/* End PBXBuildFile section */

/* Begin PBXContainerItemProxy section */
		A3C85AFC1D08F26D00429CDD /* PBXContainerItemProxy */ = {
			isa = PBXContainerItemProxy;
			containerPortal = A3C85ADF1D08F26D00429CDD /* Project object */;
			proxyType = 1;
			remoteGlobalIDString = A3C85AE61D08F26D00429CDD;
			remoteInfo = MemeEditor;
		};
		A3C85B071D08F26D00429CDD /* PBXContainerItemProxy */ = {
			isa = PBXContainerItemProxy;
			containerPortal = A3C85ADF1D08F26D00429CDD /* Project object */;
			proxyType = 1;
			remoteGlobalIDString = A3C85AE61D08F26D00429CDD;
			remoteInfo = MemeEditor;
		};
/* End PBXContainerItemProxy section */

/* Begin PBXFileReference section */
		A3C85AE71D08F26D00429CDD /* MemeEditor.app */ = {isa = PBXFileReference; explicitFileType = wrapper.application; includeInIndex = 0; path = MemeEditor.app; sourceTree = BUILT_PRODUCTS_DIR; };
		A3C85AEA1D08F26D00429CDD /* AppDelegate.swift */ = {isa = PBXFileReference; lastKnownFileType = sourcecode.swift; path = AppDelegate.swift; sourceTree = "<group>"; };
		A3C85AEC1D08F26D00429CDD /* MemeEditorViewController.swift */ = {isa = PBXFileReference; lastKnownFileType = sourcecode.swift; path = MemeEditorViewController.swift; sourceTree = "<group>"; };
		A3C85AEF1D08F26D00429CDD /* Base */ = {isa = PBXFileReference; lastKnownFileType = file.storyboard; name = Base; path = Base.lproj/Main.storyboard; sourceTree = "<group>"; };
		A3C85AF11D08F26D00429CDD /* Assets.xcassets */ = {isa = PBXFileReference; lastKnownFileType = folder.assetcatalog; path = Assets.xcassets; sourceTree = "<group>"; };
		A3C85AF41D08F26D00429CDD /* Base */ = {isa = PBXFileReference; lastKnownFileType = file.storyboard; name = Base; path = Base.lproj/LaunchScreen.storyboard; sourceTree = "<group>"; };
		A3C85AF61D08F26D00429CDD /* Info.plist */ = {isa = PBXFileReference; lastKnownFileType = text.plist.xml; path = Info.plist; sourceTree = "<group>"; };
		A3C85AFB1D08F26D00429CDD /* MemeEditorTests.xctest */ = {isa = PBXFileReference; explicitFileType = wrapper.cfbundle; includeInIndex = 0; path = MemeEditorTests.xctest; sourceTree = BUILT_PRODUCTS_DIR; };
		A3C85AFF1D08F26D00429CDD /* MemeEditorTests.swift */ = {isa = PBXFileReference; lastKnownFileType = sourcecode.swift; path = MemeEditorTests.swift; sourceTree = "<group>"; };
		A3C85B011D08F26D00429CDD /* Info.plist */ = {isa = PBXFileReference; lastKnownFileType = text.plist.xml; path = Info.plist; sourceTree = "<group>"; };
		A3C85B061D08F26D00429CDD /* MemeEditorUITests.xctest */ = {isa = PBXFileReference; explicitFileType = wrapper.cfbundle; includeInIndex = 0; path = MemeEditorUITests.xctest; sourceTree = BUILT_PRODUCTS_DIR; };
		A3C85B0A1D08F26D00429CDD /* MemeEditorUITests.swift */ = {isa = PBXFileReference; lastKnownFileType = sourcecode.swift; path = MemeEditorUITests.swift; sourceTree = "<group>"; };
		A3C85B0C1D08F26D00429CDD /* Info.plist */ = {isa = PBXFileReference; lastKnownFileType = text.plist.xml; path = Info.plist; sourceTree = "<group>"; };
		A3C85B181D08F5A700429CDD /* Meme.swift */ = {isa = PBXFileReference; fileEncoding = 4; lastKnownFileType = sourcecode.swift; path = Meme.swift; sourceTree = "<group>"; };
/* End PBXFileReference section */

/* Begin PBXFrameworksBuildPhase section */
		A3C85AE41D08F26D00429CDD /* Frameworks */ = {
			isa = PBXFrameworksBuildPhase;
			buildActionMask = 2147483647;
			files = (
			);
			runOnlyForDeploymentPostprocessing = 0;
		};
		A3C85AF81D08F26D00429CDD /* Frameworks */ = {
			isa = PBXFrameworksBuildPhase;
			buildActionMask = 2147483647;
			files = (
			);
			runOnlyForDeploymentPostprocessing = 0;
		};
		A3C85B031D08F26D00429CDD /* Frameworks */ = {
			isa = PBXFrameworksBuildPhase;
			buildActionMask = 2147483647;
			files = (
			);
			runOnlyForDeploymentPostprocessing = 0;
		};
/* End PBXFrameworksBuildPhase section */

/* Begin PBXGroup section */
		A3C85ADE1D08F26D00429CDD = {
			isa = PBXGroup;
			children = (
				A3C85AE91D08F26D00429CDD /* MemeEditor */,
				A3C85AFE1D08F26D00429CDD /* MemeEditorTests */,
				A3C85B091D08F26D00429CDD /* MemeEditorUITests */,
				A3C85AE81D08F26D00429CDD /* Products */,
			);
			sourceTree = "<group>";
		};
		A3C85AE81D08F26D00429CDD /* Products */ = {
			isa = PBXGroup;
			children = (
				A3C85AE71D08F26D00429CDD /* MemeEditor.app */,
				A3C85AFB1D08F26D00429CDD /* MemeEditorTests.xctest */,
				A3C85B061D08F26D00429CDD /* MemeEditorUITests.xctest */,
			);
			name = Products;
			sourceTree = "<group>";
		};
		A3C85AE91D08F26D00429CDD /* MemeEditor */ = {
			isa = PBXGroup;
			children = (
				A3C85AEA1D08F26D00429CDD /* AppDelegate.swift */,
				A3C85AEC1D08F26D00429CDD /* MemeEditorViewController.swift */,
				A3C85AEE1D08F26D00429CDD /* Main.storyboard */,
				A3C85AF11D08F26D00429CDD /* Assets.xcassets */,
				A3C85AF31D08F26D00429CDD /* LaunchScreen.storyboard */,
				A3C85AF61D08F26D00429CDD /* Info.plist */,
				A3C85B181D08F5A700429CDD /* Meme.swift */,
			);
			path = MemeEditor;
			sourceTree = "<group>";
		};
		A3C85AFE1D08F26D00429CDD /* MemeEditorTests */ = {
			isa = PBXGroup;
			children = (
				A3C85AFF1D08F26D00429CDD /* MemeEditorTests.swift */,
				A3C85B011D08F26D00429CDD /* Info.plist */,
			);
			path = MemeEditorTests;
			sourceTree = "<group>";
		};
		A3C85B091D08F26D00429CDD /* MemeEditorUITests */ = {
			isa = PBXGroup;
			children = (
				A3C85B0A1D08F26D00429CDD /* MemeEditorUITests.swift */,
				A3C85B0C1D08F26D00429CDD /* Info.plist */,
			);
			path = MemeEditorUITests;
			sourceTree = "<group>";
		};
/* End PBXGroup section */

/* Begin PBXNativeTarget section */
		A3C85AE61D08F26D00429CDD /* MemeEditor */ = {
			isa = PBXNativeTarget;
			buildConfigurationList = A3C85B0F1D08F26D00429CDD /* Build configuration list for PBXNativeTarget "MemeEditor" */;
			buildPhases = (
				A3C85AE31D08F26D00429CDD /* Sources */,
				A3C85AE41D08F26D00429CDD /* Frameworks */,
				A3C85AE51D08F26D00429CDD /* Resources */,
			);
			buildRules = (
			);
			dependencies = (
			);
			name = MemeEditor;
			productName = MemeEditor;
			productReference = A3C85AE71D08F26D00429CDD /* MemeEditor.app */;
			productType = "com.apple.product-type.application";
		};
		A3C85AFA1D08F26D00429CDD /* MemeEditorTests */ = {
			isa = PBXNativeTarget;
			buildConfigurationList = A3C85B121D08F26D00429CDD /* Build configuration list for PBXNativeTarget "MemeEditorTests" */;
			buildPhases = (
				A3C85AF71D08F26D00429CDD /* Sources */,
				A3C85AF81D08F26D00429CDD /* Frameworks */,
				A3C85AF91D08F26D00429CDD /* Resources */,
			);
			buildRules = (
			);
			dependencies = (
				A3C85AFD1D08F26D00429CDD /* PBXTargetDependency */,
			);
			name = MemeEditorTests;
			productName = MemeEditorTests;
			productReference = A3C85AFB1D08F26D00429CDD /* MemeEditorTests.xctest */;
			productType = "com.apple.product-type.bundle.unit-test";
		};
		A3C85B051D08F26D00429CDD /* MemeEditorUITests */ = {
			isa = PBXNativeTarget;
			buildConfigurationList = A3C85B151D08F26D00429CDD /* Build configuration list for PBXNativeTarget "MemeEditorUITests" */;
			buildPhases = (
				A3C85B021D08F26D00429CDD /* Sources */,
				A3C85B031D08F26D00429CDD /* Frameworks */,
				A3C85B041D08F26D00429CDD /* Resources */,
			);
			buildRules = (
			);
			dependencies = (
				A3C85B081D08F26D00429CDD /* PBXTargetDependency */,
			);
			name = MemeEditorUITests;
			productName = MemeEditorUITests;
			productReference = A3C85B061D08F26D00429CDD /* MemeEditorUITests.xctest */;
			productType = "com.apple.product-type.bundle.ui-testing";
		};
/* End PBXNativeTarget section */

/* Begin PBXProject section */
		A3C85ADF1D08F26D00429CDD /* Project object */ = {
			isa = PBXProject;
			attributes = {
				LastSwiftUpdateCheck = 0730;
				LastUpgradeCheck = 0730;
				ORGANIZATIONNAME = "Himanshu Pandey";
				TargetAttributes = {
					A3C85AE61D08F26D00429CDD = {
						CreatedOnToolsVersion = 7.3.1;
					};
					A3C85AFA1D08F26D00429CDD = {
						CreatedOnToolsVersion = 7.3.1;
						TestTargetID = A3C85AE61D08F26D00429CDD;
					};
					A3C85B051D08F26D00429CDD = {
						CreatedOnToolsVersion = 7.3.1;
						TestTargetID = A3C85AE61D08F26D00429CDD;
					};
				};
			};
			buildConfigurationList = A3C85AE21D08F26D00429CDD /* Build configuration list for PBXProject "MemeEditor" */;
			compatibilityVersion = "Xcode 3.2";
			developmentRegion = English;
			hasScannedForEncodings = 0;
			knownRegions = (
				en,
				Base,
			);
			mainGroup = A3C85ADE1D08F26D00429CDD;
			productRefGroup = A3C85AE81D08F26D00429CDD /* Products */;
			projectDirPath = "";
			projectRoot = "";
			targets = (
				A3C85AE61D08F26D00429CDD /* MemeEditor */,
				A3C85AFA1D08F26D00429CDD /* MemeEditorTests */,
				A3C85B051D08F26D00429CDD /* MemeEditorUITests */,
			);
		};
/* End PBXProject section */

/* Begin PBXResourcesBuildPhase section */
		A3C85AE51D08F26D00429CDD /* Resources */ = {
			isa = PBXResourcesBuildPhase;
			buildActionMask = 2147483647;
			files = (
				A3C85AF51D08F26D00429CDD /* LaunchScreen.storyboard in Resources */,
				A3C85AF21D08F26D00429CDD /* Assets.xcassets in Resources */,
				A3C85AF01D08F26D00429CDD /* Main.storyboard in Resources */,
			);
			runOnlyForDeploymentPostprocessing = 0;
		};
		A3C85AF91D08F26D00429CDD /* Resources */ = {
			isa = PBXResourcesBuildPhase;
			buildActionMask = 2147483647;
			files = (
			);
			runOnlyForDeploymentPostprocessing = 0;
		};
		A3C85B041D08F26D00429CDD /* Resources */ = {
			isa = PBXResourcesBuildPhase;
			buildActionMask = 2147483647;
			files = (
			);
			runOnlyForDeploymentPostprocessing = 0;
		};
/* End PBXResourcesBuildPhase section */

/* Begin PBXSourcesBuildPhase section */
		A3C85AE31D08F26D00429CDD /* Sources */ = {
			isa = PBXSourcesBuildPhase;
			buildActionMask = 2147483647;
			files = (
				A3C85B191D08F5A700429CDD /* Meme.swift in Sources */,
				A3C85AED1D08F26D00429CDD /* MemeEditorViewController.swift in Sources */,
				A3C85AEB1D08F26D00429CDD /* AppDelegate.swift in Sources */,
			);
			runOnlyForDeploymentPostprocessing = 0;
		};
		A3C85AF71D08F26D00429CDD /* Sources */ = {
			isa = PBXSourcesBuildPhase;
			buildActionMask = 2147483647;
			files = (
				A3C85B001D08F26D00429CDD /* MemeEditorTests.swift in Sources */,
			);
			runOnlyForDeploymentPostprocessing = 0;
		};
		A3C85B021D08F26D00429CDD /* Sources */ = {
			isa = PBXSourcesBuildPhase;
			buildActionMask = 2147483647;
			files = (
				A3C85B0B1D08F26D00429CDD /* MemeEditorUITests.swift in Sources */,
			);
			runOnlyForDeploymentPostprocessing = 0;
		};
/* End PBXSourcesBuildPhase section */

/* Begin PBXTargetDependency section */
		A3C85AFD1D08F26D00429CDD /* PBXTargetDependency */ = {
			isa = PBXTargetDependency;
			target = A3C85AE61D08F26D00429CDD /* MemeEditor */;
			targetProxy = A3C85AFC1D08F26D00429CDD /* PBXContainerItemProxy */;
		};
		A3C85B081D08F26D00429CDD /* PBXTargetDependency */ = {
			isa = PBXTargetDependency;
			target = A3C85AE61D08F26D00429CDD /* MemeEditor */;
			targetProxy = A3C85B071D08F26D00429CDD /* PBXContainerItemProxy */;
		};
/* End PBXTargetDependency section */

/* Begin PBXVariantGroup section */
		A3C85AEE1D08F26D00429CDD /* Main.storyboard */ = {
			isa = PBXVariantGroup;
			children = (
				A3C85AEF1D08F26D00429CDD /* Base */,
			);
			name = Main.storyboard;
			sourceTree = "<group>";
		};
		A3C85AF31D08F26D00429CDD /* LaunchScreen.storyboard */ = {
			isa = PBXVariantGroup;
			children = (
				A3C85AF41D08F26D00429CDD /* Base */,
			);
			name = LaunchScreen.storyboard;
			sourceTree = "<group>";
		};
/* End PBXVariantGroup section */

/* Begin XCBuildConfiguration section */
		A3C85B0D1D08F26D00429CDD /* Debug */ = {
			isa = XCBuildConfiguration;
			buildSettings = {
				ALWAYS_SEARCH_USER_PATHS = NO;
				CLANG_ANALYZER_NONNULL = YES;
				CLANG_CXX_LANGUAGE_STANDARD = "gnu++0x";
				CLANG_CXX_LIBRARY = "libc++";
				CLANG_ENABLE_MODULES = YES;
				CLANG_ENABLE_OBJC_ARC = YES;
				CLANG_WARN_BOOL_CONVERSION = YES;
				CLANG_WARN_CONSTANT_CONVERSION = YES;
				CLANG_WARN_DIRECT_OBJC_ISA_USAGE = YES_ERROR;
				CLANG_WARN_EMPTY_BODY = YES;
				CLANG_WARN_ENUM_CONVERSION = YES;
				CLANG_WARN_INT_CONVERSION = YES;
				CLANG_WARN_OBJC_ROOT_CLASS = YES_ERROR;
				CLANG_WARN_UNREACHABLE_CODE = YES;
				CLANG_WARN__DUPLICATE_METHOD_MATCH = YES;
				"CODE_SIGN_IDENTITY[sdk=iphoneos*]" = "iPhone Developer";
				COPY_PHASE_STRIP = NO;
				DEBUG_INFORMATION_FORMAT = dwarf;
				ENABLE_STRICT_OBJC_MSGSEND = YES;
				ENABLE_TESTABILITY = YES;
				GCC_C_LANGUAGE_STANDARD = gnu99;
				GCC_DYNAMIC_NO_PIC = NO;
				GCC_NO_COMMON_BLOCKS = YES;
				GCC_OPTIMIZATION_LEVEL = 0;
				GCC_PREPROCESSOR_DEFINITIONS = (
					"DEBUG=1",
					"$(inherited)",
				);
				GCC_WARN_64_TO_32_BIT_CONVERSION = YES;
				GCC_WARN_ABOUT_RETURN_TYPE = YES_ERROR;
				GCC_WARN_UNDECLARED_SELECTOR = YES;
				GCC_WARN_UNINITIALIZED_AUTOS = YES_AGGRESSIVE;
				GCC_WARN_UNUSED_FUNCTION = YES;
				GCC_WARN_UNUSED_VARIABLE = YES;
				IPHONEOS_DEPLOYMENT_TARGET = 9.3;
				MTL_ENABLE_DEBUG_INFO = YES;
				ONLY_ACTIVE_ARCH = YES;
				SDKROOT = iphoneos;
				SWIFT_OPTIMIZATION_LEVEL = "-Onone";
				TARGETED_DEVICE_FAMILY = "1,2";
			};
			name = Debug;
		};
		A3C85B0E1D08F26D00429CDD /* Release */ = {
			isa = XCBuildConfiguration;
			buildSettings = {
				ALWAYS_SEARCH_USER_PATHS = NO;
				CLANG_ANALYZER_NONNULL = YES;
				CLANG_CXX_LANGUAGE_STANDARD = "gnu++0x";
				CLANG_CXX_LIBRARY = "libc++";
				CLANG_ENABLE_MODULES = YES;
				CLANG_ENABLE_OBJC_ARC = YES;
				CLANG_WARN_BOOL_CONVERSION = YES;
				CLANG_WARN_CONSTANT_CONVERSION = YES;
				CLANG_WARN_DIRECT_OBJC_ISA_USAGE = YES_ERROR;
				CLANG_WARN_EMPTY_BODY = YES;
				CLANG_WARN_ENUM_CONVERSION = YES;
				CLANG_WARN_INT_CONVERSION = YES;
				CLANG_WARN_OBJC_ROOT_CLASS = YES_ERROR;
				CLANG_WARN_UNREACHABLE_CODE = YES;
				CLANG_WARN__DUPLICATE_METHOD_MATCH = YES;
				"CODE_SIGN_IDENTITY[sdk=iphoneos*]" = "iPhone Developer";
				COPY_PHASE_STRIP = NO;
				DEBUG_INFORMATION_FORMAT = "dwarf-with-dsym";
				ENABLE_NS_ASSERTIONS = NO;
				ENABLE_STRICT_OBJC_MSGSEND = YES;
				GCC_C_LANGUAGE_STANDARD = gnu99;
				GCC_NO_COMMON_BLOCKS = YES;
				GCC_WARN_64_TO_32_BIT_CONVERSION = YES;
				GCC_WARN_ABOUT_RETURN_TYPE = YES_ERROR;
				GCC_WARN_UNDECLARED_SELECTOR = YES;
				GCC_WARN_UNINITIALIZED_AUTOS = YES_AGGRESSIVE;
				GCC_WARN_UNUSED_FUNCTION = YES;
				GCC_WARN_UNUSED_VARIABLE = YES;
				IPHONEOS_DEPLOYMENT_TARGET = 9.3;
				MTL_ENABLE_DEBUG_INFO = NO;
				SDKROOT = iphoneos;
				TARGETED_DEVICE_FAMILY = "1,2";
				VALIDATE_PRODUCT = YES;
			};
			name = Release;
		};
		A3C85B101D08F26D00429CDD /* Debug */ = {
			isa = XCBuildConfiguration;
			buildSettings = {
				ASSETCATALOG_COMPILER_APPICON_NAME = AppIcon;
				INFOPLIST_FILE = MemeEditor/Info.plist;
				LD_RUNPATH_SEARCH_PATHS = "$(inherited) @executable_path/Frameworks";
				PRODUCT_BUNDLE_IDENTIFIER = CBI.MemeEditor;
				PRODUCT_NAME = "$(TARGET_NAME)";
			};
			name = Debug;
		};
		A3C85B111D08F26D00429CDD /* Release */ = {
			isa = XCBuildConfiguration;
			buildSettings = {
				ASSETCATALOG_COMPILER_APPICON_NAME = AppIcon;
				INFOPLIST_FILE = MemeEditor/Info.plist;
				LD_RUNPATH_SEARCH_PATHS = "$(inherited) @executable_path/Frameworks";
				PRODUCT_BUNDLE_IDENTIFIER = CBI.MemeEditor;
				PRODUCT_NAME = "$(TARGET_NAME)";
			};
			name = Release;
		};
		A3C85B131D08F26D00429CDD /* Debug */ = {
			isa = XCBuildConfiguration;
			buildSettings = {
				BUNDLE_LOADER = "$(TEST_HOST)";
				INFOPLIST_FILE = MemeEditorTests/Info.plist;
				LD_RUNPATH_SEARCH_PATHS = "$(inherited) @executable_path/Frameworks @loader_path/Frameworks";
				PRODUCT_BUNDLE_IDENTIFIER = CBI.MemeEditorTests;
				PRODUCT_NAME = "$(TARGET_NAME)";
				TEST_HOST = "$(BUILT_PRODUCTS_DIR)/MemeEditor.app/MemeEditor";
			};
			name = Debug;
		};
		A3C85B141D08F26D00429CDD /* Release */ = {
			isa = XCBuildConfiguration;
			buildSettings = {
				BUNDLE_LOADER = "$(TEST_HOST)";
				INFOPLIST_FILE = MemeEditorTests/Info.plist;
				LD_RUNPATH_SEARCH_PATHS = "$(inherited) @executable_path/Frameworks @loader_path/Frameworks";
				PRODUCT_BUNDLE_IDENTIFIER = CBI.MemeEditorTests;
				PRODUCT_NAME = "$(TARGET_NAME)";
				TEST_HOST = "$(BUILT_PRODUCTS_DIR)/MemeEditor.app/MemeEditor";
			};
			name = Release;
		};
		A3C85B161D08F26D00429CDD /* Debug */ = {
			isa = XCBuildConfiguration;
			buildSettings = {
				INFOPLIST_FILE = MemeEditorUITests/Info.plist;
				LD_RUNPATH_SEARCH_PATHS = "$(inherited) @executable_path/Frameworks @loader_path/Frameworks";
				PRODUCT_BUNDLE_IDENTIFIER = CBI.MemeEditorUITests;
				PRODUCT_NAME = "$(TARGET_NAME)";
				TEST_TARGET_NAME = MemeEditor;
			};
			name = Debug;
		};
		A3C85B171D08F26D00429CDD /* Release */ = {
			isa = XCBuildConfiguration;
			buildSettings = {
				INFOPLIST_FILE = MemeEditorUITests/Info.plist;
				LD_RUNPATH_SEARCH_PATHS = "$(inherited) @executable_path/Frameworks @loader_path/Frameworks";
				PRODUCT_BUNDLE_IDENTIFIER = CBI.MemeEditorUITests;
				PRODUCT_NAME = "$(TARGET_NAME)";
				TEST_TARGET_NAME = MemeEditor;
			};
			name = Release;
		};
/* End XCBuildConfiguration section */

/* Begin XCConfigurationList section */
		A3C85AE21D08F26D00429CDD /* Build configuration list for PBXProject "MemeEditor" */ = {
			isa = XCConfigurationList;
			buildConfigurations = (
				A3C85B0D1D08F26D00429CDD /* Debug */,
				A3C85B0E1D08F26D00429CDD /* Release */,
			);
			defaultConfigurationIsVisible = 0;
			defaultConfigurationName = Release;
		};
		A3C85B0F1D08F26D00429CDD /* Build configuration list for PBXNativeTarget "MemeEditor" */ = {
			isa = XCConfigurationList;
			buildConfigurations = (
				A3C85B101D08F26D00429CDD /* Debug */,
				A3C85B111D08F26D00429CDD /* Release */,
			);
			defaultConfigurationIsVisible = 0;
			defaultConfigurationName = Release;
		};
		A3C85B121D08F26D00429CDD /* Build configuration list for PBXNativeTarget "MemeEditorTests" */ = {
			isa = XCConfigurationList;
			buildConfigurations = (
				A3C85B131D08F26D00429CDD /* Debug */,
				A3C85B141D08F26D00429CDD /* Release */,
			);
			defaultConfigurationIsVisible = 0;
			defaultConfigurationName = Release;
		};
		A3C85B151D08F26D00429CDD /* Build configuration list for PBXNativeTarget "MemeEditorUITests" */ = {
			isa = XCConfigurationList;
			buildConfigurations = (
				A3C85B161D08F26D00429CDD /* Debug */,
				A3C85B171D08F26D00429CDD /* Release */,
			);
			defaultConfigurationIsVisible = 0;
			defaultConfigurationName = Release;
		};
/* End XCConfigurationList section */
	};
	rootObject = A3C85ADF1D08F26D00429CDD /* Project object */;
}
